dependencies:
- name: kafka
  repository: https://charts.bitnami.com/bitnami
  version: 24.0.10
- name: keycloak
  repository: file://../charts/keycloak
  version: 0.1.0
- name: postgresql-accounts
  repository: file://../charts/postgresql-accounts
  version: 0.1.0
- name: postgresql-exchange
  repository: file://../charts/postgresql-exchange
  version: 0.1.0
- name: postgresql-notifications
  repository: file://../charts/postgresql-notifications
  version: 0.1.0
- name: service-gateway
  repository: file://../charts/service-gateway
  version: 0.1.0
- name: bank-front
  repository: file://../charts/bank-front
  version: 0.1.0
- name: bank-accounts
  repository: file://../charts/bank-accounts
  version: 0.1.0
- name: bank-cash
  repository: file://../charts/bank-cash
  version: 0.1.0
- name: bank-exchange
  repository: file://../charts/bank-exchange
  version: 0.1.0
- name: bank-exchange-generator
  repository: file://../charts/bank-exchange-generator
  version: 0.1.0
- name: bank-transfer
  repository: file://../charts/bank-transfer
  version: 0.1.0
- name: bank-blocker
  repository: file://../charts/bank-blocker
  version: 0.1.0
- name: bank-notifications
  repository: file://../charts/bank-notifications
  version: 0.1.0
digest: sha256:5da520bf2383ae0626b79565b6984742367be61b01d954d502ca964e0c3f6a99
generated: "2025-10-04T21:19:40.699122+02:00"
